
Microsoft Visual Studio Solution File, Format Version 12.00
# Visual Studio Version 17
VisualStudioVersion = 17.0.32126.317
MinimumVisualStudioVersion = 10.0.40219.1
Project("{FAE04EC0-301F-11D3-BF4B-00C04F79EFBC}") = "GirlsDetectiveCore", "GirlsDetectiveCore.csproj", "{47D7BCA0-1ADE-4E65-8E12-836BCB702A7D}"
EndProject
Global
	GlobalSection(SolutionConfigurationPlatforms) = preSolution
		Debug|Any CPU = Debug|Any CPU
		Release|Any CPU = Release|Any CPU
	EndGlobalSection
	GlobalSection(ProjectConfigurationPlatforms) = postSolution
		{47D7BCA0-1ADE-4E65-8E12-836BCB702A7D}.Debug|Any CPU.ActiveCfg = Debug|Any CPU
		{47D7BCA0-1ADE-4E65-8E12-836BCB702A7D}.Debug|Any CPU.Build.0 = Debug|Any CPU
		{47D7BCA0-1ADE-4E65-8E12-836BCB702A7D}.Release|Any CPU.ActiveCfg = Release|Any CPU
		{47D7BCA0-1ADE-4E65-8E12-836BCB702A7D}.Release|Any CPU.Build.0 = Release|Any CPU
	EndGlobalSection
	GlobalSection(SolutionProperties) = preSolution
		HideSolutionNode = FALSE
	EndGlobalSection
	GlobalSection(ExtensibilityGlobals) = postSolution
		SolutionGuid = {F86ABA69-2CAB-411E-A533-2C83C2B7DEDD}
	EndGlobalSection
EndGlobal
